
Microsoft Visual Studio Solution File, Format Version 12.00
# Visual Studio Version 16
VisualStudioVersion = 16.0.30503.244
MinimumVisualStudioVersion = 10.0.40219.1
Project("{FAE04EC0-301F-11D3-BF4B-00C04F79EFBC}") = "CarCheck", "CarCheck\CarCheck.csproj", "{114C6FFD-E070-4C91-BDC9-E439196030DB}"
EndProject
Global
	GlobalSection(SolutionConfigurationPlatforms) = preSolution
		Debug|Any CPU = Debug|Any CPU
		Release|Any CPU = Release|Any CPU
	EndGlobalSection
	GlobalSection(ProjectConfigurationPlatforms) = postSolution
		{114C6FFD-E070-4C91-BDC9-E439196030DB}.Debug|Any CPU.ActiveCfg = Debug|Any CPU
		{114C6FFD-E070-4C91-BDC9-E439196030DB}.Debug|Any CPU.Build.0 = Debug|Any CPU
		{114C6FFD-E070-4C91-BDC9-E439196030DB}.Release|Any CPU.ActiveCfg = Release|Any CPU
		{114C6FFD-E070-4C91-BDC9-E439196030DB}.Release|Any CPU.Build.0 = Release|Any CPU
	EndGlobalSection
	GlobalSection(SolutionProperties) = preSolution
		HideSolutionNode = FALSE
	EndGlobalSection
	GlobalSection(ExtensibilityGlobals) = postSolution
		SolutionGuid = {222FE7D2-E0D9-4922-BF0E-BE5F7F80C0EB}
	EndGlobalSection
EndGlobal
